
Microsoft Visual Studio Solution File, Format Version 12.00
# Visual Studio Version 16
VisualStudioVersion = 16.0.31105.61
MinimumVisualStudioVersion = 10.0.40219.1
Project("{FAE04EC0-301F-11D3-BF4B-00C04F79EFBC}") = "ReservationApp", "ReservationApp.csproj", "{EC061C71-D80A-48CE-BAB9-154D25377EC4}"
EndProject
Global
	GlobalSection(SolutionConfigurationPlatforms) = preSolution
		Debug|Any CPU = Debug|Any CPU
		Release|Any CPU = Release|Any CPU
	EndGlobalSection
	GlobalSection(ProjectConfigurationPlatforms) = postSolution
		{EC061C71-D80A-48CE-BAB9-154D25377EC4}.Debug|Any CPU.ActiveCfg = Debug|Any CPU
		{EC061C71-D80A-48CE-BAB9-154D25377EC4}.Debug|Any CPU.Build.0 = Debug|Any CPU
		{EC061C71-D80A-48CE-BAB9-154D25377EC4}.Release|Any CPU.ActiveCfg = Release|Any CPU
		{EC061C71-D80A-48CE-BAB9-154D25377EC4}.Release|Any CPU.Build.0 = Release|Any CPU
	EndGlobalSection
	GlobalSection(SolutionProperties) = preSolution
		HideSolutionNode = FALSE
	EndGlobalSection
	GlobalSection(ExtensibilityGlobals) = postSolution
		SolutionGuid = {21CB3650-8569-4C70-8EB3-565FC7380679}
	EndGlobalSection
EndGlobal
